
Microsoft Visual Studio Solution File, Format Version 12.00
# Visual Studio Version 17
VisualStudioVersion = 17.1.32228.430
MinimumVisualStudioVersion = 10.0.40219.1
Project("{FAE04EC0-301F-11D3-BF4B-00C04F79EFBC}") = "StokKayit-W12", "StokKayit-W12\StokKayit-W12.csproj", "{9DD35026-24F2-4544-9A21-162E2ADFF788}"
EndProject
Global
	GlobalSection(SolutionConfigurationPlatforms) = preSolution
		Debug|Any CPU = Debug|Any CPU
		Release|Any CPU = Release|Any CPU
	EndGlobalSection
	GlobalSection(ProjectConfigurationPlatforms) = postSolution
		{9DD35026-24F2-4544-9A21-162E2ADFF788}.Debug|Any CPU.ActiveCfg = Debug|Any CPU
		{9DD35026-24F2-4544-9A21-162E2ADFF788}.Debug|Any CPU.Build.0 = Debug|Any CPU
		{9DD35026-24F2-4544-9A21-162E2ADFF788}.Release|Any CPU.ActiveCfg = Release|Any CPU
		{9DD35026-24F2-4544-9A21-162E2ADFF788}.Release|Any CPU.Build.0 = Release|Any CPU
	EndGlobalSection
	GlobalSection(SolutionProperties) = preSolution
		HideSolutionNode = FALSE
	EndGlobalSection
	GlobalSection(ExtensibilityGlobals) = postSolution
		SolutionGuid = {F3F31319-AF5F-473D-8CA4-2BE05638A930}
	EndGlobalSection
EndGlobal
